
Microsoft Visual Studio Solution File, Format Version 12.00
# Visual Studio Version 17
VisualStudioVersion = 17.4.33122.133
MinimumVisualStudioVersion = 10.0.40219.1
Project("{9A19103F-16F7-4668-BE54-9A1E7A4F7556}") = "HeroesOfCleanAndCode", "HeroesOfCleanAndCode\HeroesOfCleanAndCode.csproj", "{764A2841-19F0-4F75-AE67-6DB0D11A7AA8}"
EndProject
Project("{9A19103F-16F7-4668-BE54-9A1E7A4F7556}") = "xUnit.Tests", "xUnit.Tests\xUnit.Tests.csproj", "{3F21CAA6-FB71-4910-A345-902D16ABFAAB}"
EndProject
Project("{9A19103F-16F7-4668-BE54-9A1E7A4F7556}") = "Test_Project", "Test_Project\Test_Project.csproj", "{86D7D448-367F-4DC0-BE4B-71CC75C22BD7}"
EndProject
Global
	GlobalSection(SolutionConfigurationPlatforms) = preSolution
		Debug|Any CPU = Debug|Any CPU
		Release|Any CPU = Release|Any CPU
	EndGlobalSection
	GlobalSection(ProjectConfigurationPlatforms) = postSolution
		{764A2841-19F0-4F75-AE67-6DB0D11A7AA8}.Debug|Any CPU.ActiveCfg = Debug|Any CPU
		{764A2841-19F0-4F75-AE67-6DB0D11A7AA8}.Debug|Any CPU.Build.0 = Debug|Any CPU
		{764A2841-19F0-4F75-AE67-6DB0D11A7AA8}.Release|Any CPU.ActiveCfg = Release|Any CPU
		{764A2841-19F0-4F75-AE67-6DB0D11A7AA8}.Release|Any CPU.Build.0 = Release|Any CPU
		{3F21CAA6-FB71-4910-A345-902D16ABFAAB}.Debug|Any CPU.ActiveCfg = Debug|Any CPU
		{3F21CAA6-FB71-4910-A345-902D16ABFAAB}.Debug|Any CPU.Build.0 = Debug|Any CPU
		{3F21CAA6-FB71-4910-A345-902D16ABFAAB}.Release|Any CPU.ActiveCfg = Release|Any CPU
		{3F21CAA6-FB71-4910-A345-902D16ABFAAB}.Release|Any CPU.Build.0 = Release|Any CPU
		{86D7D448-367F-4DC0-BE4B-71CC75C22BD7}.Debug|Any CPU.ActiveCfg = Debug|Any CPU
		{86D7D448-367F-4DC0-BE4B-71CC75C22BD7}.Debug|Any CPU.Build.0 = Debug|Any CPU
		{86D7D448-367F-4DC0-BE4B-71CC75C22BD7}.Release|Any CPU.ActiveCfg = Release|Any CPU
		{86D7D448-367F-4DC0-BE4B-71CC75C22BD7}.Release|Any CPU.Build.0 = Release|Any CPU
	EndGlobalSection
	GlobalSection(SolutionProperties) = preSolution
		HideSolutionNode = FALSE
	EndGlobalSection
	GlobalSection(ExtensibilityGlobals) = postSolution
		SolutionGuid = {6D1CCCEB-E21C-49AC-B095-711B122F2E4D}
	EndGlobalSection
EndGlobal
