
Microsoft Visual Studio Solution File, Format Version 12.00
# Visual Studio Version 17
VisualStudioVersion = 17.4.33122.133
MinimumVisualStudioVersion = 10.0.40219.1
Project("{FAE04EC0-301F-11D3-BF4B-00C04F79EFBC}") = "HeroesOfCleanAndCode", "HeroesOfCleanAndCode\HeroesOfCleanAndCode.csproj", "{764A2841-19F0-4F75-AE67-6DB0D11A7AA8}"
EndProject
Global
	GlobalSection(SolutionConfigurationPlatforms) = preSolution
		Debug|Any CPU = Debug|Any CPU
		Release|Any CPU = Release|Any CPU
	EndGlobalSection
	GlobalSection(ProjectConfigurationPlatforms) = postSolution
		{764A2841-19F0-4F75-AE67-6DB0D11A7AA8}.Debug|Any CPU.ActiveCfg = Debug|Any CPU
		{764A2841-19F0-4F75-AE67-6DB0D11A7AA8}.Debug|Any CPU.Build.0 = Debug|Any CPU
		{764A2841-19F0-4F75-AE67-6DB0D11A7AA8}.Release|Any CPU.ActiveCfg = Release|Any CPU
		{764A2841-19F0-4F75-AE67-6DB0D11A7AA8}.Release|Any CPU.Build.0 = Release|Any CPU
	EndGlobalSection
	GlobalSection(SolutionProperties) = preSolution
		HideSolutionNode = FALSE
	EndGlobalSection
	GlobalSection(ExtensibilityGlobals) = postSolution
		SolutionGuid = {6D1CCCEB-E21C-49AC-B095-711B122F2E4D}
	EndGlobalSection
EndGlobal
